{
  "name": "sap-tech-bytes",
  "lockfileVersion": 3,
  "requires": true,
  "packages": {
    "": {
      "dependencies": {
        "@sap/textbundle": "^4.1.0",
        "debug": "^4.3.4"
      }
    },
    "node_modules/@sap/textbundle": {
      "version": "4.1.0",
      "resolved": "https://registry.npmjs.org/@sap/textbundle/-/textbundle-4.1.0.tgz",
      "integrity": "sha512-WSx3rHF10y7wfMgOjd9DK211kYLgua4rLGdvUhxivw1ECJB/Hvp9qxqfEtc92y84fL3zl3PletutcnOKMjHn1Q==",
      "hasShrinkwrap": true,
      "engines": {
        "node": "^8.0.0 || ^10.0.0 || ^12.0.0 || ^14.0.0 || ^16.0.0"
      }
    },
    "node_modules/debug": {
      "version": "4.3.4",
      "resolved": "https://registry.npmjs.org/debug/-/debug-4.3.4.tgz",
      "integrity": "sha512-PRWFHuSU3eDtQJPvnNY7Jcket1j0t5OuOsFzPPzsekD52Zl8qUfFIPEiswXqIvHWGVHOgX+7G/vCNNhehwxfkQ==",
      "dependencies": {
        "ms": "2.1.2"
      },
      "engines": {
        "node": ">=6.0"
      },
      "peerDependenciesMeta": {
        "supports-color": {
          "optional": true
        }
      }
    },
    "node_modules/ms": {
      "version": "2.1.2",
      "resolved": "https://registry.npmjs.org/ms/-/ms-2.1.2.tgz",
      "integrity": "sha512-sGkPx+VjMtmA6MX27oA4FBFELFCZZ4S4XqeGOXCv68tT+jb3vk/RyaKWP0PTKyWtmLSM0b+adUTEvbs1PEaH2w=="
    }
  }
}
